{
  "name": "@andrewlislin/repo-governance",
  "version": "0.1.0",
  "lockfileVersion": 3,
  "requires": true,
  "packages": {
    "": {
      "name": "@andrewlislin/repo-governance",
      "version": "0.1.0",
      "license": "MIT",
      "bin": {
        "repo-governance": "bin/repo-governance.mjs"
      },
      "engines": {
        "node": ">=22"
      }
    }
  }
}
